
Microsoft Visual Studio Solution File, Format Version 12.00
# Visual Studio 15
VisualStudioVersion = 15.0.28307.779
MinimumVisualStudioVersion = 10.0.40219.1
Project("{FAE04EC0-301F-11D3-BF4B-00C04F79EFBC}") = "TestClickOnce", "TestClickOnce\TestClickOnce.csproj", "{719FF0C8-4755-4220-9DBD-25C355447368}"
EndProject
Project("{FAE04EC0-301F-11D3-BF4B-00C04F79EFBC}") = "Ventana2", "Ventana2\Ventana2.csproj", "{F819F9FF-F292-4A75-8A98-CFD6B4DA6D56}"
EndProject
Global
	GlobalSection(SolutionConfigurationPlatforms) = preSolution
		Debug|Any CPU = Debug|Any CPU
		Release|Any CPU = Release|Any CPU
	EndGlobalSection
	GlobalSection(ProjectConfigurationPlatforms) = postSolution
		{719FF0C8-4755-4220-9DBD-25C355447368}.Debug|Any CPU.ActiveCfg = Debug|Any CPU
		{719FF0C8-4755-4220-9DBD-25C355447368}.Debug|Any CPU.Build.0 = Debug|Any CPU
		{719FF0C8-4755-4220-9DBD-25C355447368}.Release|Any CPU.ActiveCfg = Release|Any CPU
		{719FF0C8-4755-4220-9DBD-25C355447368}.Release|Any CPU.Build.0 = Release|Any CPU
		{F819F9FF-F292-4A75-8A98-CFD6B4DA6D56}.Debug|Any CPU.ActiveCfg = Debug|Any CPU
		{F819F9FF-F292-4A75-8A98-CFD6B4DA6D56}.Debug|Any CPU.Build.0 = Debug|Any CPU
		{F819F9FF-F292-4A75-8A98-CFD6B4DA6D56}.Release|Any CPU.ActiveCfg = Release|Any CPU
		{F819F9FF-F292-4A75-8A98-CFD6B4DA6D56}.Release|Any CPU.Build.0 = Release|Any CPU
	EndGlobalSection
	GlobalSection(SolutionProperties) = preSolution
		HideSolutionNode = FALSE
	EndGlobalSection
	GlobalSection(ExtensibilityGlobals) = postSolution
		SolutionGuid = {8D42DBA8-448D-4688-BA4F-49556E1DB83E}
	EndGlobalSection
EndGlobal
